
Microsoft Visual Studio Solution File, Format Version 12.00
# Visual Studio Version 17
VisualStudioVersion = 17.13.35931.197 d17.13
MinimumVisualStudioVersion = 10.0.40219.1
Project("{FAE04EC0-301F-11D3-BF4B-00C04F79EFBC}") = "MOVIE TICKET BOOKING SYSTEM", "MOVIE TICKET BOOKING SYSTEM\MOVIE TICKET BOOKING SYSTEM.csproj", "{E2432D3D-B6CD-4057-B8F3-50E4341266E8}"
EndProject
Global
	GlobalSection(SolutionConfigurationPlatforms) = preSolution
		Debug|Any CPU = Debug|Any CPU
		Release|Any CPU = Release|Any CPU
	EndGlobalSection
	GlobalSection(ProjectConfigurationPlatforms) = postSolution
		{E2432D3D-B6CD-4057-B8F3-50E4341266E8}.Debug|Any CPU.ActiveCfg = Debug|Any CPU
		{E2432D3D-B6CD-4057-B8F3-50E4341266E8}.Debug|Any CPU.Build.0 = Debug|Any CPU
		{E2432D3D-B6CD-4057-B8F3-50E4341266E8}.Release|Any CPU.ActiveCfg = Release|Any CPU
		{E2432D3D-B6CD-4057-B8F3-50E4341266E8}.Release|Any CPU.Build.0 = Release|Any CPU
	EndGlobalSection
	GlobalSection(SolutionProperties) = preSolution
		HideSolutionNode = FALSE
	EndGlobalSection
	GlobalSection(ExtensibilityGlobals) = postSolution
		SolutionGuid = {45145B77-53BF-4B5A-BE91-AE8F72AF3E81}
	EndGlobalSection
EndGlobal
